
Microsoft Visual Studio Solution File, Format Version 12.00
# Visual Studio Version 17
VisualStudioVersion = 17.14.36717.8 d17.14
MinimumVisualStudioVersion = 10.0.40219.1
Project("{FAE04EC0-301F-11D3-BF4B-00C04F79EFBC}") = "FamilyFlow", "FamilyFlow\FamilyFlow.csproj", "{48E9EF3F-9475-4E2E-B086-589C5062AD87}"
EndProject
Global
	GlobalSection(SolutionConfigurationPlatforms) = preSolution
		Debug|Any CPU = Debug|Any CPU
		Release|Any CPU = Release|Any CPU
	EndGlobalSection
	GlobalSection(ProjectConfigurationPlatforms) = postSolution
		{48E9EF3F-9475-4E2E-B086-589C5062AD87}.Debug|Any CPU.ActiveCfg = Debug|Any CPU
		{48E9EF3F-9475-4E2E-B086-589C5062AD87}.Debug|Any CPU.Build.0 = Debug|Any CPU
		{48E9EF3F-9475-4E2E-B086-589C5062AD87}.Release|Any CPU.ActiveCfg = Release|Any CPU
		{48E9EF3F-9475-4E2E-B086-589C5062AD87}.Release|Any CPU.Build.0 = Release|Any CPU
	EndGlobalSection
	GlobalSection(SolutionProperties) = preSolution
		HideSolutionNode = FALSE
	EndGlobalSection
	GlobalSection(ExtensibilityGlobals) = postSolution
		SolutionGuid = {B709F3AE-63A6-4F4A-9BD8-EA65F95F6A1D}
	EndGlobalSection
EndGlobal
